{
  "name": "ngscaffolding-chart",
  "version": "0.0.1",
  "lockfileVersion": 1,
  "requires": true,
  "dependencies": {
    "@angular/elements": {
      "version": "7.2.14",
      "resolved": "https://registry.npmjs.org/@angular/elements/-/elements-7.2.14.tgz",
      "integrity": "sha512-1CEplR4IFSGTCjEtmO6K5q5AIqsj6ANK7yXCnpEhFhB1MJsq5OOoUQC/8tmRamC1K1H/8QCP3wHzRCo3XGxVRA==",
      "requires": {
        "tslib": "1.9.3"
      }
    },
    "tslib": {
      "version": "1.9.3",
      "resolved": "https://registry.npmjs.org/tslib/-/tslib-1.9.3.tgz",
      "integrity": "sha512-4krF8scpejhaOgqzBEcGM7yDIEfi0/8+8zDRZhNZZ2kjmHJ4hv3zCbQWxoJGz1iw5U0Jl0nma13xzHXcncMavQ=="
    }
  }
}
